
Microsoft Visual Studio Solution File, Format Version 12.00
# Visual Studio Version 17
VisualStudioVersion = 17.14.36429.23
MinimumVisualStudioVersion = 10.0.40219.1
Project("{FAE04EC0-301F-11D3-BF4B-00C04F79EFBC}") = "KAMITSUBAKIMod", "src\KAMITSUBAKIMod\KAMITSUBAKIMod.csproj", "{6FBBE992-14DC-3798-D8F8-9419761E8C49}"
EndProject
Project("{FAE04EC0-301F-11D3-BF4B-00C04F79EFBC}") = "KAMITSUBAKI.Framework", "src\KAMITSUBAKI.Framework\KAMITSUBAKI.Framework.csproj", "{495DB20E-AA55-426A-8DC0-A8C03D68E213}"
EndProject
Global
	GlobalSection(SolutionConfigurationPlatforms) = preSolution
		Debug|Any CPU = Debug|Any CPU
		Release|Any CPU = Release|Any CPU
	EndGlobalSection
	GlobalSection(ProjectConfigurationPlatforms) = postSolution
		{6FBBE992-14DC-3798-D8F8-9419761E8C49}.Debug|Any CPU.ActiveCfg = Debug|Any CPU
		{6FBBE992-14DC-3798-D8F8-9419761E8C49}.Debug|Any CPU.Build.0 = Debug|Any CPU
		{6FBBE992-14DC-3798-D8F8-9419761E8C49}.Release|Any CPU.ActiveCfg = Release|Any CPU
		{6FBBE992-14DC-3798-D8F8-9419761E8C49}.Release|Any CPU.Build.0 = Release|Any CPU
		{495DB20E-AA55-426A-8DC0-A8C03D68E213}.Debug|Any CPU.ActiveCfg = Debug|Any CPU
		{495DB20E-AA55-426A-8DC0-A8C03D68E213}.Debug|Any CPU.Build.0 = Debug|Any CPU
		{495DB20E-AA55-426A-8DC0-A8C03D68E213}.Release|Any CPU.ActiveCfg = Release|Any CPU
		{495DB20E-AA55-426A-8DC0-A8C03D68E213}.Release|Any CPU.Build.0 = Release|Any CPU
	EndGlobalSection
	GlobalSection(SolutionProperties) = preSolution
		HideSolutionNode = FALSE
	EndGlobalSection
	GlobalSection(ExtensibilityGlobals) = postSolution
		SolutionGuid = {41798809-404C-4E23-831B-AA61B6DD5114}
	EndGlobalSection
EndGlobal
