
Microsoft Visual Studio Solution File, Format Version 12.00
# Visual Studio Version 17
VisualStudioVersion = 17.14.36429.23
MinimumVisualStudioVersion = 10.0.40219.1
Project("{FAE04EC0-301F-11D3-BF4B-00C04F79EFBC}") = "KAMITSUBAKIMod", "src\KAMITSUBAKIMod\KAMITSUBAKIMod.csproj", "{6FBBE992-14DC-3798-D8F8-9419761E8C49}"
EndProject
Project("{FAE04EC0-301F-11D3-BF4B-00C04F79EFBC}") = "KAMITSUBAKI.Framework", "src\KAMITSUBAKI.Framework\KAMITSUBAKI.Framework.csproj", "{495DB20E-AA55-426A-8DC0-A8C03D68E213}"
EndProject
Project("{FAE04EC0-301F-11D3-BF4B-00C04F79EFBC}") = "KAMITSUBAKI.Framework.Core", "src\KAMITSUBAKI.Framework.Core\KAMITSUBAKI.Framework.Core.csproj", "{A680E969-21C4-F017-9625-866E6DA378AE}"
EndProject
Project("{FAE04EC0-301F-11D3-BF4B-00C04F79EFBC}") = "KAMITSUBAKI.Framework.Services", "src\KAMITSUBAKI.Framework.Services\KAMITSUBAKI.Framework.Services.csproj", "{06FA130F-48E3-0BC6-D6E4-FF76DC1896BF}"
EndProject
Project("{FAE04EC0-301F-11D3-BF4B-00C04F79EFBC}") = "KAMITSUBAKI.Framework.UI", "src\KAMITSUBAKI.Framework.UI\KAMITSUBAKI.Framework.UI.csproj", "{1A8D449B-F1F6-8D7A-0EDB-AD84AAE1D3F2}"
EndProject
Project("{FAE04EC0-301F-11D3-BF4B-00C04F79EFBC}") = "KAMITSUBAKIMod.Runtime", "src\KAMITSUBAKIMod.Runtime\KAMITSUBAKIMod.Runtime.csproj", "{9ACA574C-DC8F-5DCB-518C-32FEE49CBC46}"
EndProject
Project("{FAE04EC0-301F-11D3-BF4B-00C04F79EFBC}") = "KAMITSUBAKIMod.Text", "src\KAMITSUBAKIMod.Text\KAMITSUBAKIMod.Text.csproj", "{5DEB6881-EC45-3409-FCCF-1ABFB64292D3}"
EndProject
Global
	GlobalSection(SolutionConfigurationPlatforms) = preSolution
		Debug|Any CPU = Debug|Any CPU
		Release|Any CPU = Release|Any CPU
	EndGlobalSection
	GlobalSection(ProjectConfigurationPlatforms) = postSolution
		{6FBBE992-14DC-3798-D8F8-9419761E8C49}.Debug|Any CPU.ActiveCfg = Debug|Any CPU
		{6FBBE992-14DC-3798-D8F8-9419761E8C49}.Debug|Any CPU.Build.0 = Debug|Any CPU
		{6FBBE992-14DC-3798-D8F8-9419761E8C49}.Release|Any CPU.ActiveCfg = Release|Any CPU
		{6FBBE992-14DC-3798-D8F8-9419761E8C49}.Release|Any CPU.Build.0 = Release|Any CPU
		{495DB20E-AA55-426A-8DC0-A8C03D68E213}.Debug|Any CPU.ActiveCfg = Debug|Any CPU
		{495DB20E-AA55-426A-8DC0-A8C03D68E213}.Debug|Any CPU.Build.0 = Debug|Any CPU
		{495DB20E-AA55-426A-8DC0-A8C03D68E213}.Release|Any CPU.ActiveCfg = Release|Any CPU
		{495DB20E-AA55-426A-8DC0-A8C03D68E213}.Release|Any CPU.Build.0 = Release|Any CPU
		{A680E969-21C4-F017-9625-866E6DA378AE}.Debug|Any CPU.ActiveCfg = Debug|Any CPU
		{A680E969-21C4-F017-9625-866E6DA378AE}.Debug|Any CPU.Build.0 = Debug|Any CPU
		{A680E969-21C4-F017-9625-866E6DA378AE}.Release|Any CPU.ActiveCfg = Release|Any CPU
		{A680E969-21C4-F017-9625-866E6DA378AE}.Release|Any CPU.Build.0 = Release|Any CPU
		{06FA130F-48E3-0BC6-D6E4-FF76DC1896BF}.Debug|Any CPU.ActiveCfg = Debug|Any CPU
		{06FA130F-48E3-0BC6-D6E4-FF76DC1896BF}.Debug|Any CPU.Build.0 = Debug|Any CPU
		{06FA130F-48E3-0BC6-D6E4-FF76DC1896BF}.Release|Any CPU.ActiveCfg = Release|Any CPU
		{06FA130F-48E3-0BC6-D6E4-FF76DC1896BF}.Release|Any CPU.Build.0 = Release|Any CPU
		{1A8D449B-F1F6-8D7A-0EDB-AD84AAE1D3F2}.Debug|Any CPU.ActiveCfg = Debug|Any CPU
		{1A8D449B-F1F6-8D7A-0EDB-AD84AAE1D3F2}.Debug|Any CPU.Build.0 = Debug|Any CPU
		{1A8D449B-F1F6-8D7A-0EDB-AD84AAE1D3F2}.Release|Any CPU.ActiveCfg = Release|Any CPU
		{1A8D449B-F1F6-8D7A-0EDB-AD84AAE1D3F2}.Release|Any CPU.Build.0 = Release|Any CPU
		{9ACA574C-DC8F-5DCB-518C-32FEE49CBC46}.Debug|Any CPU.ActiveCfg = Debug|Any CPU
		{9ACA574C-DC8F-5DCB-518C-32FEE49CBC46}.Debug|Any CPU.Build.0 = Debug|Any CPU
		{9ACA574C-DC8F-5DCB-518C-32FEE49CBC46}.Release|Any CPU.ActiveCfg = Release|Any CPU
		{9ACA574C-DC8F-5DCB-518C-32FEE49CBC46}.Release|Any CPU.Build.0 = Release|Any CPU
		{5DEB6881-EC45-3409-FCCF-1ABFB64292D3}.Debug|Any CPU.ActiveCfg = Debug|Any CPU
		{5DEB6881-EC45-3409-FCCF-1ABFB64292D3}.Debug|Any CPU.Build.0 = Debug|Any CPU
		{5DEB6881-EC45-3409-FCCF-1ABFB64292D3}.Release|Any CPU.ActiveCfg = Release|Any CPU
		{5DEB6881-EC45-3409-FCCF-1ABFB64292D3}.Release|Any CPU.Build.0 = Release|Any CPU
	EndGlobalSection
	GlobalSection(SolutionProperties) = preSolution
		HideSolutionNode = FALSE
	EndGlobalSection
	GlobalSection(ExtensibilityGlobals) = postSolution
		SolutionGuid = {41798809-404C-4E23-831B-AA61B6DD5114}
	EndGlobalSection
EndGlobal
